
Microsoft Visual Studio Solution File, Format Version 12.00
# Visual Studio Version 17
VisualStudioVersion = 17.4.33213.308
MinimumVisualStudioVersion = 10.0.40219.1
Project("{9A19103F-16F7-4668-BE54-9A1E7A4F7556}") = "ApiWeb", "ApiWeb\ApiWeb.csproj", "{29C52904-2CBA-4FA8-9F8C-5A84684C101C}"
EndProject
Project("{9A19103F-16F7-4668-BE54-9A1E7A4F7556}") = "Crud", "Crud\Crud.csproj", "{A2A3040A-42D4-4E6E-92F5-82DC9FB6C679}"
EndProject
Global
	GlobalSection(SolutionConfigurationPlatforms) = preSolution
		Debug|Any CPU = Debug|Any CPU
		Release|Any CPU = Release|Any CPU
	EndGlobalSection
	GlobalSection(ProjectConfigurationPlatforms) = postSolution
		{29C52904-2CBA-4FA8-9F8C-5A84684C101C}.Debug|Any CPU.ActiveCfg = Debug|Any CPU
		{29C52904-2CBA-4FA8-9F8C-5A84684C101C}.Debug|Any CPU.Build.0 = Debug|Any CPU
		{29C52904-2CBA-4FA8-9F8C-5A84684C101C}.Release|Any CPU.ActiveCfg = Release|Any CPU
		{29C52904-2CBA-4FA8-9F8C-5A84684C101C}.Release|Any CPU.Build.0 = Release|Any CPU
		{A2A3040A-42D4-4E6E-92F5-82DC9FB6C679}.Debug|Any CPU.ActiveCfg = Debug|Any CPU
		{A2A3040A-42D4-4E6E-92F5-82DC9FB6C679}.Debug|Any CPU.Build.0 = Debug|Any CPU
		{A2A3040A-42D4-4E6E-92F5-82DC9FB6C679}.Release|Any CPU.ActiveCfg = Release|Any CPU
		{A2A3040A-42D4-4E6E-92F5-82DC9FB6C679}.Release|Any CPU.Build.0 = Release|Any CPU
	EndGlobalSection
	GlobalSection(SolutionProperties) = preSolution
		HideSolutionNode = FALSE
	EndGlobalSection
	GlobalSection(ExtensibilityGlobals) = postSolution
		SolutionGuid = {F0CA8EF6-BFE4-4A0E-B69D-029C61EF352D}
	EndGlobalSection
EndGlobal
